
Microsoft Visual Studio Solution File, Format Version 12.00
# Visual Studio Version 17
VisualStudioVersion = 17.5.002.0
MinimumVisualStudioVersion = 10.0.40219.1
Project("{9A19103F-16F7-4668-BE54-9A1E7A4F7556}") = "LHPet", "LHPet.csproj", "{65A308A0-91FD-4C5F-94C9-78A21618C390}"
EndProject
Global
	GlobalSection(SolutionConfigurationPlatforms) = preSolution
		Debug|Any CPU = Debug|Any CPU
		Release|Any CPU = Release|Any CPU
	EndGlobalSection
	GlobalSection(ProjectConfigurationPlatforms) = postSolution
		{65A308A0-91FD-4C5F-94C9-78A21618C390}.Debug|Any CPU.ActiveCfg = Debug|Any CPU
		{65A308A0-91FD-4C5F-94C9-78A21618C390}.Debug|Any CPU.Build.0 = Debug|Any CPU
		{65A308A0-91FD-4C5F-94C9-78A21618C390}.Release|Any CPU.ActiveCfg = Release|Any CPU
		{65A308A0-91FD-4C5F-94C9-78A21618C390}.Release|Any CPU.Build.0 = Release|Any CPU
	EndGlobalSection
	GlobalSection(SolutionProperties) = preSolution
		HideSolutionNode = FALSE
	EndGlobalSection
	GlobalSection(ExtensibilityGlobals) = postSolution
		SolutionGuid = {62B766A6-613E-46A6-8D76-50CA3556D30A}
	EndGlobalSection
EndGlobal
